
Microsoft Visual Studio Solution File, Format Version 12.00
# Visual Studio 2012
Project("{FAE04EC0-301F-11D3-BF4B-00C04F79EFBC}") = "WCFService", "WCFService\WCFService.csproj", "{9091B186-BB6E-4F6A-96AE-A2C4C1806FDD}"
EndProject
Project("{FAE04EC0-301F-11D3-BF4B-00C04F79EFBC}") = "PaymentMessages", "PaymentMessages\PaymentMessages.csproj", "{5A828FE4-180C-4842-8EDC-9637923FB80A}"
EndProject
Global
	GlobalSection(SolutionConfigurationPlatforms) = preSolution
		Debug|Any CPU = Debug|Any CPU
		Release|Any CPU = Release|Any CPU
	EndGlobalSection
	GlobalSection(ProjectConfigurationPlatforms) = postSolution
		{9091B186-BB6E-4F6A-96AE-A2C4C1806FDD}.Debug|Any CPU.ActiveCfg = Debug|Any CPU
		{9091B186-BB6E-4F6A-96AE-A2C4C1806FDD}.Debug|Any CPU.Build.0 = Debug|Any CPU
		{9091B186-BB6E-4F6A-96AE-A2C4C1806FDD}.Release|Any CPU.ActiveCfg = Release|Any CPU
		{9091B186-BB6E-4F6A-96AE-A2C4C1806FDD}.Release|Any CPU.Build.0 = Release|Any CPU
		{5A828FE4-180C-4842-8EDC-9637923FB80A}.Debug|Any CPU.ActiveCfg = Debug|Any CPU
		{5A828FE4-180C-4842-8EDC-9637923FB80A}.Debug|Any CPU.Build.0 = Debug|Any CPU
		{5A828FE4-180C-4842-8EDC-9637923FB80A}.Release|Any CPU.ActiveCfg = Release|Any CPU
		{5A828FE4-180C-4842-8EDC-9637923FB80A}.Release|Any CPU.Build.0 = Release|Any CPU
	EndGlobalSection
	GlobalSection(SolutionProperties) = preSolution
		HideSolutionNode = FALSE
	EndGlobalSection
EndGlobal
